
Microsoft Visual Studio Solution File, Format Version 12.00
# Visual Studio Version 17
VisualStudioVersion = 17.7.34009.444
MinimumVisualStudioVersion = 10.0.40219.1
Project("{9A19103F-16F7-4668-BE54-9A1E7A4F7556}") = "Logica Sysacad", "Logica Sysacad\Logica Sysacad.csproj", "{0276B57C-D298-47C2-824A-D4B28A3F7A04}"
EndProject
Project("{9A19103F-16F7-4668-BE54-9A1E7A4F7556}") = "Vista App", "Vista App\Vista App.csproj", "{8D0ADC96-8966-43EA-9FF0-6CB3E393B171}"
EndProject
Global
	GlobalSection(SolutionConfigurationPlatforms) = preSolution
		Debug|Any CPU = Debug|Any CPU
		Release|Any CPU = Release|Any CPU
	EndGlobalSection
	GlobalSection(ProjectConfigurationPlatforms) = postSolution
		{0276B57C-D298-47C2-824A-D4B28A3F7A04}.Debug|Any CPU.ActiveCfg = Debug|Any CPU
		{0276B57C-D298-47C2-824A-D4B28A3F7A04}.Debug|Any CPU.Build.0 = Debug|Any CPU
		{0276B57C-D298-47C2-824A-D4B28A3F7A04}.Release|Any CPU.ActiveCfg = Release|Any CPU
		{0276B57C-D298-47C2-824A-D4B28A3F7A04}.Release|Any CPU.Build.0 = Release|Any CPU
		{8D0ADC96-8966-43EA-9FF0-6CB3E393B171}.Debug|Any CPU.ActiveCfg = Debug|Any CPU
		{8D0ADC96-8966-43EA-9FF0-6CB3E393B171}.Debug|Any CPU.Build.0 = Debug|Any CPU
		{8D0ADC96-8966-43EA-9FF0-6CB3E393B171}.Release|Any CPU.ActiveCfg = Release|Any CPU
		{8D0ADC96-8966-43EA-9FF0-6CB3E393B171}.Release|Any CPU.Build.0 = Release|Any CPU
	EndGlobalSection
	GlobalSection(SolutionProperties) = preSolution
		HideSolutionNode = FALSE
	EndGlobalSection
	GlobalSection(ExtensibilityGlobals) = postSolution
		SolutionGuid = {588DC961-8401-4525-95B5-9169E14AB2BA}
	EndGlobalSection
EndGlobal
